// !$*UTF8*$!
{
	archiveVersion = 1;
	classes = {
	};
	objectVersion = 46;
	objects = {

/* Begin PBXBuildFile section */
		9023CFD01804083E0092CD02 /* Foundation.framework in Frameworks */ = {isa = PBXBuildFile; fileRef = 9023CFCF1804083E0092CD02 /* Foundation.framework */; };
		9023CFD31804083E0092CD02 /* main.m in Sources */ = {isa = PBXBuildFile; fileRef = 9023CFD21804083E0092CD02 /* main.m */; };
		9023CFD71804083E0092CD02 /* CarApp.1 in CopyFiles */ = {isa = PBXBuildFile; fileRef = 9023CFD61804083E0092CD02 /* CarApp.1 */; };
/* End PBXBuildFile section */

/* Begin PBXCopyFilesBuildPhase section */
		9023CFCA1804083E0092CD02 /* CopyFiles */ = {
			isa = PBXCopyFilesBuildPhase;
			buildActionMask = 2147483647;
			dstPath = /usr/share/man/man1/;
			dstSubfolderSpec = 0;
			files = (
				9023CFD71804083E0092CD02 /* CarApp.1 in CopyFiles */,
			);
			runOnlyForDeploymentPostprocessing = 1;
		};
/* End PBXCopyFilesBuildPhase section */

/* Begin PBXFileReference section */
		9023CFCC1804083E0092CD02 /* CarApp */ = {isa = PBXFileReference; explicitFileType = "compiled.mach-o.executable"; includeInIndex = 0; path = CarApp; sourceTree = BUILT_PRODUCTS_DIR; };
		9023CFCF1804083E0092CD02 /* Foundation.framework */ = {isa = PBXFileReference; lastKnownFileType = wrapper.framework; name = Foundation.framework; path = System/Library/Frameworks/Foundation.framework; sourceTree = SDKROOT; };
		9023CFD21804083E0092CD02 /* main.m */ = {isa = PBXFileReference; lastKnownFileType = sourcecode.c.objc; path = main.m; sourceTree = "<group>"; };
		9023CFD51804083E0092CD02 /* CarApp-Prefix.pch */ = {isa = PBXFileReference; lastKnownFileType = sourcecode.c.h; path = "CarApp-Prefix.pch"; sourceTree = "<group>"; };
		9023CFD61804083E0092CD02 /* CarApp.1 */ = {isa = PBXFileReference; lastKnownFileType = text.man; path = CarApp.1; sourceTree = "<group>"; };
/* End PBXFileReference section */

/* Begin PBXFrameworksBuildPhase section */
		9023CFC91804083E0092CD02 /* Frameworks */ = {
			isa = PBXFrameworksBuildPhase;
			buildActionMask = 2147483647;
			files = (
				9023CFD01804083E0092CD02 /* Foundation.framework in Frameworks */,
			);
			runOnlyForDeploymentPostprocessing = 0;
		};
/* End PBXFrameworksBuildPhase section */

/* Begin PBXGroup section */
		9023CFC31804083E0092CD02 = {
			isa = PBXGroup;
			children = (
				9023CFD11804083E0092CD02 /* CarApp */,
				9023CFCE1804083E0092CD02 /* Frameworks */,
				9023CFCD1804083E0092CD02 /* Products */,
			);
			sourceTree = "<group>";
		};
		9023CFCD1804083E0092CD02 /* Products */ = {
			isa = PBXGroup;
			children = (
				9023CFCC1804083E0092CD02 /* CarApp */,
			);
			name = Products;
			sourceTree = "<group>";
		};
		9023CFCE1804083E0092CD02 /* Frameworks */ = {
			isa = PBXGroup;
			children = (
				9023CFCF1804083E0092CD02 /* Foundation.framework */,
			);
			name = Frameworks;
			sourceTree = "<group>";
		};
		9023CFD11804083E0092CD02 /* CarApp */ = {
			isa = PBXGroup;
			children = (
				9023CFD21804083E0092CD02 /* main.m */,
				9023CFD61804083E0092CD02 /* CarApp.1 */,
				9023CFD41804083E0092CD02 /* Supporting Files */,
			);
			path = CarApp;
			sourceTree = "<group>";
		};
		9023CFD41804083E0092CD02 /* Supporting Files */ = {
			isa = PBXGroup;
			children = (
				9023CFD51804083E0092CD02 /* CarApp-Prefix.pch */,
			);
			name = "Supporting Files";
			sourceTree = "<group>";
		};
/* End PBXGroup section */

/* Begin PBXNativeTarget section */
		9023CFCB1804083E0092CD02 /* CarApp */ = {
			isa = PBXNativeTarget;
			buildConfigurationList = 9023CFDA1804083E0092CD02 /* Build configuration list for PBXNativeTarget "CarApp" */;
			buildPhases = (
				9023CFC81804083E0092CD02 /* Sources */,
				9023CFC91804083E0092CD02 /* Frameworks */,
				9023CFCA1804083E0092CD02 /* CopyFiles */,
			);
			buildRules = (
			);
			dependencies = (
			);
			name = CarApp;
			productName = CarApp;
			productReference = 9023CFCC1804083E0092CD02 /* CarApp */;
			productType = "com.apple.product-type.tool";
		};
/* End PBXNativeTarget section */

/* Begin PBXProject section */
		9023CFC41804083E0092CD02 /* Project object */ = {
			isa = PBXProject;
			attributes = {
				LastUpgradeCheck = 0460;
				ORGANIZATIONNAME = "Wilson-Lui";
			};
			buildConfigurationList = 9023CFC71804083E0092CD02 /* Build configuration list for PBXProject "CarApp" */;
			compatibilityVersion = "Xcode 3.2";
			developmentRegion = English;
			hasScannedForEncodings = 0;
			knownRegions = (
				en,
			);
			mainGroup = 9023CFC31804083E0092CD02;
			productRefGroup = 9023CFCD1804083E0092CD02 /* Products */;
			projectDirPath = "";
			projectRoot = "";
			targets = (
				9023CFCB1804083E0092CD02 /* CarApp */,
			);
		};
/* End PBXProject section */

/* Begin PBXSourcesBuildPhase section */
		9023CFC81804083E0092CD02 /* Sources */ = {
			isa = PBXSourcesBuildPhase;
			buildActionMask = 2147483647;
			files = (
				9023CFD31804083E0092CD02 /* main.m in Sources */,
			);
			runOnlyForDeploymentPostprocessing = 0;
		};
/* End PBXSourcesBuildPhase section */

/* Begin XCBuildConfiguration section */
		9023CFD81804083E0092CD02 /* Debug */ = {
			isa = XCBuildConfiguration;
			buildSettings = {
				ALWAYS_SEARCH_USER_PATHS = NO;
				ARCHS = "$(ARCHS_STANDARD_64_BIT)";
				CLANG_CXX_LANGUAGE_STANDARD = "gnu++0x";
				CLANG_CXX_LIBRARY = "libc++";
				CLANG_ENABLE_OBJC_ARC = YES;
				CLANG_WARN_CONSTANT_CONVERSION = YES;
				CLANG_WARN_EMPTY_BODY = YES;
				CLANG_WARN_ENUM_CONVERSION = YES;
				CLANG_WARN_INT_CONVERSION = YES;
				CLANG_WARN__DUPLICATE_METHOD_MATCH = YES;
				COPY_PHASE_STRIP = NO;
				GCC_C_LANGUAGE_STANDARD = gnu99;
				GCC_DYNAMIC_NO_PIC = NO;
				GCC_ENABLE_OBJC_EXCEPTIONS = YES;
				GCC_OPTIMIZATION_LEVEL = 0;
				GCC_PREPROCESSOR_DEFINITIONS = (
					"DEBUG=1",
					"$(inherited)",
				);
				GCC_SYMBOLS_PRIVATE_EXTERN = NO;
				GCC_WARN_64_TO_32_BIT_CONVERSION = YES;
				GCC_WARN_ABOUT_RETURN_TYPE = YES;
				GCC_WARN_UNINITIALIZED_AUTOS = YES;
				GCC_WARN_UNUSED_VARIABLE = YES;
				MACOSX_DEPLOYMENT_TARGET = 10.7;
				ONLY_ACTIVE_ARCH = YES;
				SDKROOT = macosx;
			};
			name = Debug;
		};
		9023CFD91804083E0092CD02 /* Release */ = {
			isa = XCBuildConfiguration;
			buildSettings = {
				ALWAYS_SEARCH_USER_PATHS = NO;
				ARCHS = "$(ARCHS_STANDARD_64_BIT)";
				CLANG_CXX_LANGUAGE_STANDARD = "gnu++0x";
				CLANG_CXX_LIBRARY = "libc++";
				CLANG_ENABLE_OBJC_ARC = YES;
				CLANG_WARN_CONSTANT_CONVERSION = YES;
				CLANG_WARN_EMPTY_BODY = YES;
				CLANG_WARN_ENUM_CONVERSION = YES;
				CLANG_WARN_INT_CONVERSION = YES;
				CLANG_WARN__DUPLICATE_METHOD_MATCH = YES;
				COPY_PHASE_STRIP = YES;
				DEBUG_INFORMATION_FORMAT = "dwarf-with-dsym";
				GCC_C_LANGUAGE_STANDARD = gnu99;
				GCC_ENABLE_OBJC_EXCEPTIONS = YES;
				GCC_WARN_64_TO_32_BIT_CONVERSION = YES;
				GCC_WARN_ABOUT_RETURN_TYPE = YES;
				GCC_WARN_UNINITIALIZED_AUTOS = YES;
				GCC_WARN_UNUSED_VARIABLE = YES;
				MACOSX_DEPLOYMENT_TARGET = 10.7;
				SDKROOT = macosx;
			};
			name = Release;
		};
		9023CFDB1804083E0092CD02 /* Debug */ = {
			isa = XCBuildConfiguration;
			buildSettings = {
				GCC_PRECOMPILE_PREFIX_HEADER = YES;
				GCC_PREFIX_HEADER = "CarApp/CarApp-Prefix.pch";
				PRODUCT_NAME = "$(TARGET_NAME)";
			};
			name = Debug;
		};
		9023CFDC1804083E0092CD02 /* Release */ = {
			isa = XCBuildConfiguration;
			buildSettings = {
				GCC_PRECOMPILE_PREFIX_HEADER = YES;
				GCC_PREFIX_HEADER = "CarApp/CarApp-Prefix.pch";
				PRODUCT_NAME = "$(TARGET_NAME)";
			};
			name = Release;
		};
/* End XCBuildConfiguration section */

/* Begin XCConfigurationList section */
		9023CFC71804083E0092CD02 /* Build configuration list for PBXProject "CarApp" */ = {
			isa = XCConfigurationList;
			buildConfigurations = (
				9023CFD81804083E0092CD02 /* Debug */,
				9023CFD91804083E0092CD02 /* Release */,
			);
			defaultConfigurationIsVisible = 0;
			defaultConfigurationName = Release;
		};
		9023CFDA1804083E0092CD02 /* Build configuration list for PBXNativeTarget "CarApp" */ = {
			isa = XCConfigurationList;
			buildConfigurations = (
				9023CFDB1804083E0092CD02 /* Debug */,
				9023CFDC1804083E0092CD02 /* Release */,
			);
			defaultConfigurationIsVisible = 0;
		};
/* End XCConfigurationList section */
	};
	rootObject = 9023CFC41804083E0092CD02 /* Project object */;
}
